{
  "format_version": 1,
  "catalog_lock_sha256": "999636b7722cc305b10f71b9a096cc75701400ff49aea91435f839cadf13b90c",
  "migrations": {
    "0000": "3fd883d6fb45d0c52acc69bff16949185948bb51e5d732f57247f542814aa129",
    "0001": "a050e6b3e72a61b1d73c9124ddcd10eb6309f804891412dec9e15288df8c77c8",
    "0002": "a8a838cff654c8da79820d45aac8fbfc0fec8a8411553dde9f3a1f05ba6d713c",
    "0003": "d32de49a1449bb6bc5c6608cbd0055c04695544b693ef1620864c555e0b3ef9c",
    "0004": "c813900aa1c56c2ec5d181b47f27aed046ca6ffe3a5028dc6631a94aa9131804",
    "0005": "31110ede0fffacfe3e0dd5d82bd3ce7bdcbb29c80b73e282cc2b80ef721ad42e",
    "0006": "52bce39fffa581c06b9d2c3b8c0142dbe24a737cc52be9b3c224d1f25a89d3ff",
    "0007": "dfe9a98c271d5db12940ba75211d1ea5f0d3d75e68f478d06f1285df48fcda6d",
    "0008": "a90a01d6d5158980f415321c00169a2ed9f45779ab2ff5ebbbcae9aff7417c4f"
  }
}
