{
  "format_version": 1,
  "catalog_lock_sha256": "999636b7722cc305b10f71b9a096cc75701400ff49aea91435f839cadf13b90c",
  "migrations": {
    "0000": "3fd883d6fb45d0c52acc69bff16949185948bb51e5d732f57247f542814aa129",
    "0001": "a050e6b3e72a61b1d73c9124ddcd10eb6309f804891412dec9e15288df8c77c8",
    "0002": "a8a838cff654c8da79820d45aac8fbfc0fec8a8411553dde9f3a1f05ba6d713c"
  }
}
